
Microsoft Visual Studio Solution File, Format Version 12.00
# Visual Studio Version 17
VisualStudioVersion = 17.5.33627.172
MinimumVisualStudioVersion = 10.0.40219.1
Project("{FAE04EC0-301F-11D3-BF4B-00C04F79EFBC}") = "Reproductor de medios", "Reproductor de medios\Reproductor de medios.csproj", "{474272D8-BDF6-4132-81F0-85BFD3270BA9}"
EndProject
Project("{2150E333-8FDC-42A3-9474-1A3956D46DE8}") = "Elementos de la solución", "Elementos de la solución", "{A88C2DB3-0EB8-424C-ACF2-C82127E2601F}"
	ProjectSection(SolutionItems) = preProject
		Info.txt = Info.txt
	EndProjectSection
EndProject
Global
	GlobalSection(SolutionConfigurationPlatforms) = preSolution
		Debug|Any CPU = Debug|Any CPU
		Release|Any CPU = Release|Any CPU
	EndGlobalSection
	GlobalSection(ProjectConfigurationPlatforms) = postSolution
		{474272D8-BDF6-4132-81F0-85BFD3270BA9}.Debug|Any CPU.ActiveCfg = Debug|Any CPU
		{474272D8-BDF6-4132-81F0-85BFD3270BA9}.Debug|Any CPU.Build.0 = Debug|Any CPU
		{474272D8-BDF6-4132-81F0-85BFD3270BA9}.Release|Any CPU.ActiveCfg = Release|Any CPU
		{474272D8-BDF6-4132-81F0-85BFD3270BA9}.Release|Any CPU.Build.0 = Release|Any CPU
	EndGlobalSection
	GlobalSection(SolutionProperties) = preSolution
		HideSolutionNode = FALSE
	EndGlobalSection
	GlobalSection(ExtensibilityGlobals) = postSolution
		SolutionGuid = {0E90C265-72BB-41AB-A009-1F9AC91C6383}
	EndGlobalSection
EndGlobal
